
Microsoft Visual Studio Solution File, Format Version 12.00
# Visual Studio 2012
Project("{FAE04EC0-301F-11D3-BF4B-00C04F79EFBC}") = "ColorDisplay", "ColorDisplay\ColorDisplay.csproj", "{FA77E36C-9915-4B41-9CEE-F5DD3A46140F}"
EndProject
Project("{FAE04EC0-301F-11D3-BF4B-00C04F79EFBC}") = "Calculator", "Calculator\Calculator.csproj", "{73FD83CA-110B-4F7B-B3AB-C74BD82FC95F}"
EndProject
Project("{FAE04EC0-301F-11D3-BF4B-00C04F79EFBC}") = "NoteList", "NoteList\NoteList.csproj", "{59DD8D3F-7AB7-47E0-9B8C-4ADFD5DE3606}"
EndProject
Global
	GlobalSection(SolutionConfigurationPlatforms) = preSolution
		Debug|Any CPU = Debug|Any CPU
		Release|Any CPU = Release|Any CPU
	EndGlobalSection
	GlobalSection(ProjectConfigurationPlatforms) = postSolution
		{59DD8D3F-7AB7-47E0-9B8C-4ADFD5DE3606}.Debug|Any CPU.ActiveCfg = Debug|Any CPU
		{59DD8D3F-7AB7-47E0-9B8C-4ADFD5DE3606}.Debug|Any CPU.Build.0 = Debug|Any CPU
		{59DD8D3F-7AB7-47E0-9B8C-4ADFD5DE3606}.Release|Any CPU.ActiveCfg = Release|Any CPU
		{59DD8D3F-7AB7-47E0-9B8C-4ADFD5DE3606}.Release|Any CPU.Build.0 = Release|Any CPU
		{73FD83CA-110B-4F7B-B3AB-C74BD82FC95F}.Debug|Any CPU.ActiveCfg = Debug|Any CPU
		{73FD83CA-110B-4F7B-B3AB-C74BD82FC95F}.Debug|Any CPU.Build.0 = Debug|Any CPU
		{73FD83CA-110B-4F7B-B3AB-C74BD82FC95F}.Release|Any CPU.ActiveCfg = Release|Any CPU
		{73FD83CA-110B-4F7B-B3AB-C74BD82FC95F}.Release|Any CPU.Build.0 = Release|Any CPU
		{FA77E36C-9915-4B41-9CEE-F5DD3A46140F}.Debug|Any CPU.ActiveCfg = Debug|Any CPU
		{FA77E36C-9915-4B41-9CEE-F5DD3A46140F}.Debug|Any CPU.Build.0 = Debug|Any CPU
		{FA77E36C-9915-4B41-9CEE-F5DD3A46140F}.Release|Any CPU.ActiveCfg = Release|Any CPU
		{FA77E36C-9915-4B41-9CEE-F5DD3A46140F}.Release|Any CPU.Build.0 = Release|Any CPU
	EndGlobalSection
EndGlobal
